
Microsoft Visual Studio Solution File, Format Version 12.00
# Visual Studio Version 16
VisualStudioVersion = 16.0.30413.136
MinimumVisualStudioVersion = 10.0.40219.1
Project("{FAE04EC0-301F-11D3-BF4B-00C04F79EFBC}") = "ActionSelectorsMVC5_Demo", "ActionSelectorsMVC5_Demo\ActionSelectorsMVC5_Demo.csproj", "{689C87C1-FFAE-4EC4-8AA2-A3F38E4CA735}"
EndProject
Global
	GlobalSection(SolutionConfigurationPlatforms) = preSolution
		Debug|Any CPU = Debug|Any CPU
		Release|Any CPU = Release|Any CPU
	EndGlobalSection
	GlobalSection(ProjectConfigurationPlatforms) = postSolution
		{689C87C1-FFAE-4EC4-8AA2-A3F38E4CA735}.Debug|Any CPU.ActiveCfg = Debug|Any CPU
		{689C87C1-FFAE-4EC4-8AA2-A3F38E4CA735}.Debug|Any CPU.Build.0 = Debug|Any CPU
		{689C87C1-FFAE-4EC4-8AA2-A3F38E4CA735}.Release|Any CPU.ActiveCfg = Release|Any CPU
		{689C87C1-FFAE-4EC4-8AA2-A3F38E4CA735}.Release|Any CPU.Build.0 = Release|Any CPU
	EndGlobalSection
	GlobalSection(SolutionProperties) = preSolution
		HideSolutionNode = FALSE
	EndGlobalSection
	GlobalSection(ExtensibilityGlobals) = postSolution
		SolutionGuid = {877C3C08-A5F0-4C50-BDD7-A340FED3F36E}
	EndGlobalSection
EndGlobal
